dependencies:
  idf:
    source:
      type: idf
    version: 5.5.5
  m5stack/m5gfx:
    component_hash: ebd725c94610759ccfc1227f60a395932f591e17b95bebec80164d853535c8c5
    dependencies: []
    source:
      registry_url: https://components.espressif.com/
      type: service
    version: 0.2.32
direct_dependencies:
- m5stack/m5gfx
manifest_hash: ec909a0cf32402ca0642cf26b263c57af4a5e308fb5d5c3e311bc8d0c28f436a
target: esp32s3
version: 2.0.0
